
Microsoft Visual Studio Solution File, Format Version 12.00
# Visual Studio Version 17
VisualStudioVersion = 17.0.31903.59
MinimumVisualStudioVersion = 10.0.40219.1
Project("{FAE04EC0-301F-11D3-BF4B-00C04F79EFBC}") = "API", "API\API.csproj", "{447944C3-9C22-4A66-8308-4DB1CFB3F2CA}"
EndProject
Project("{FAE04EC0-301F-11D3-BF4B-00C04F79EFBC}") = "Domain", "Domain\Domain.csproj", "{53C47EE7-FFF9-4D8E-A689-CD3904114374}"
EndProject
Project("{FAE04EC0-301F-11D3-BF4B-00C04F79EFBC}") = "Application", "Application\Application.csproj", "{3192DACE-224E-464E-9230-E1736D9A5407}"
EndProject
Project("{FAE04EC0-301F-11D3-BF4B-00C04F79EFBC}") = "Persistence", "Persistence\Persistence.csproj", "{B8ABD928-728A-4E69-956B-DD7D099FFC80}"
EndProject
Global
	GlobalSection(SolutionConfigurationPlatforms) = preSolution
		Debug|Any CPU = Debug|Any CPU
		Debug|x64 = Debug|x64
		Debug|x86 = Debug|x86
		Release|Any CPU = Release|Any CPU
		Release|x64 = Release|x64
		Release|x86 = Release|x86
	EndGlobalSection
	GlobalSection(ProjectConfigurationPlatforms) = postSolution
		{447944C3-9C22-4A66-8308-4DB1CFB3F2CA}.Debug|Any CPU.ActiveCfg = Debug|Any CPU
		{447944C3-9C22-4A66-8308-4DB1CFB3F2CA}.Debug|Any CPU.Build.0 = Debug|Any CPU
		{447944C3-9C22-4A66-8308-4DB1CFB3F2CA}.Debug|x64.ActiveCfg = Debug|Any CPU
		{447944C3-9C22-4A66-8308-4DB1CFB3F2CA}.Debug|x64.Build.0 = Debug|Any CPU
		{447944C3-9C22-4A66-8308-4DB1CFB3F2CA}.Debug|x86.ActiveCfg = Debug|Any CPU
		{447944C3-9C22-4A66-8308-4DB1CFB3F2CA}.Debug|x86.Build.0 = Debug|Any CPU
		{447944C3-9C22-4A66-8308-4DB1CFB3F2CA}.Release|Any CPU.ActiveCfg = Release|Any CPU
		{447944C3-9C22-4A66-8308-4DB1CFB3F2CA}.Release|Any CPU.Build.0 = Release|Any CPU
		{447944C3-9C22-4A66-8308-4DB1CFB3F2CA}.Release|x64.ActiveCfg = Release|Any CPU
		{447944C3-9C22-4A66-8308-4DB1CFB3F2CA}.Release|x64.Build.0 = Release|Any CPU
		{447944C3-9C22-4A66-8308-4DB1CFB3F2CA}.Release|x86.ActiveCfg = Release|Any CPU
		{447944C3-9C22-4A66-8308-4DB1CFB3F2CA}.Release|x86.Build.0 = Release|Any CPU
		{53C47EE7-FFF9-4D8E-A689-CD3904114374}.Debug|Any CPU.ActiveCfg = Debug|Any CPU
		{53C47EE7-FFF9-4D8E-A689-CD3904114374}.Debug|Any CPU.Build.0 = Debug|Any CPU
		{53C47EE7-FFF9-4D8E-A689-CD3904114374}.Debug|x64.ActiveCfg = Debug|Any CPU
		{53C47EE7-FFF9-4D8E-A689-CD3904114374}.Debug|x64.Build.0 = Debug|Any CPU
		{53C47EE7-FFF9-4D8E-A689-CD3904114374}.Debug|x86.ActiveCfg = Debug|Any CPU
		{53C47EE7-FFF9-4D8E-A689-CD3904114374}.Debug|x86.Build.0 = Debug|Any CPU
		{53C47EE7-FFF9-4D8E-A689-CD3904114374}.Release|Any CPU.ActiveCfg = Release|Any CPU
		{53C47EE7-FFF9-4D8E-A689-CD3904114374}.Release|Any CPU.Build.0 = Release|Any CPU
		{53C47EE7-FFF9-4D8E-A689-CD3904114374}.Release|x64.ActiveCfg = Release|Any CPU
		{53C47EE7-FFF9-4D8E-A689-CD3904114374}.Release|x64.Build.0 = Release|Any CPU
		{53C47EE7-FFF9-4D8E-A689-CD3904114374}.Release|x86.ActiveCfg = Release|Any CPU
		{53C47EE7-FFF9-4D8E-A689-CD3904114374}.Release|x86.Build.0 = Release|Any CPU
		{3192DACE-224E-464E-9230-E1736D9A5407}.Debug|Any CPU.ActiveCfg = Debug|Any CPU
		{3192DACE-224E-464E-9230-E1736D9A5407}.Debug|Any CPU.Build.0 = Debug|Any CPU
		{3192DACE-224E-464E-9230-E1736D9A5407}.Debug|x64.ActiveCfg = Debug|Any CPU
		{3192DACE-224E-464E-9230-E1736D9A5407}.Debug|x64.Build.0 = Debug|Any CPU
		{3192DACE-224E-464E-9230-E1736D9A5407}.Debug|x86.ActiveCfg = Debug|Any CPU
		{3192DACE-224E-464E-9230-E1736D9A5407}.Debug|x86.Build.0 = Debug|Any CPU
		{3192DACE-224E-464E-9230-E1736D9A5407}.Release|Any CPU.ActiveCfg = Release|Any CPU
		{3192DACE-224E-464E-9230-E1736D9A5407}.Release|Any CPU.Build.0 = Release|Any CPU
		{3192DACE-224E-464E-9230-E1736D9A5407}.Release|x64.ActiveCfg = Release|Any CPU
		{3192DACE-224E-464E-9230-E1736D9A5407}.Release|x64.Build.0 = Release|Any CPU
		{3192DACE-224E-464E-9230-E1736D9A5407}.Release|x86.ActiveCfg = Release|Any CPU
		{3192DACE-224E-464E-9230-E1736D9A5407}.Release|x86.Build.0 = Release|Any CPU
		{B8ABD928-728A-4E69-956B-DD7D099FFC80}.Debug|Any CPU.ActiveCfg = Debug|Any CPU
		{B8ABD928-728A-4E69-956B-DD7D099FFC80}.Debug|Any CPU.Build.0 = Debug|Any CPU
		{B8ABD928-728A-4E69-956B-DD7D099FFC80}.Debug|x64.ActiveCfg = Debug|Any CPU
		{B8ABD928-728A-4E69-956B-DD7D099FFC80}.Debug|x64.Build.0 = Debug|Any CPU
		{B8ABD928-728A-4E69-956B-DD7D099FFC80}.Debug|x86.ActiveCfg = Debug|Any CPU
		{B8ABD928-728A-4E69-956B-DD7D099FFC80}.Debug|x86.Build.0 = Debug|Any CPU
		{B8ABD928-728A-4E69-956B-DD7D099FFC80}.Release|Any CPU.ActiveCfg = Release|Any CPU
		{B8ABD928-728A-4E69-956B-DD7D099FFC80}.Release|Any CPU.Build.0 = Release|Any CPU
		{B8ABD928-728A-4E69-956B-DD7D099FFC80}.Release|x64.ActiveCfg = Release|Any CPU
		{B8ABD928-728A-4E69-956B-DD7D099FFC80}.Release|x64.Build.0 = Release|Any CPU
		{B8ABD928-728A-4E69-956B-DD7D099FFC80}.Release|x86.ActiveCfg = Release|Any CPU
		{B8ABD928-728A-4E69-956B-DD7D099FFC80}.Release|x86.Build.0 = Release|Any CPU
	EndGlobalSection
	GlobalSection(SolutionProperties) = preSolution
		HideSolutionNode = FALSE
	EndGlobalSection
EndGlobal
